
Microsoft Visual Studio Solution File, Format Version 12.00
# Visual Studio Version 16
VisualStudioVersion = 16.0.29306.81
MinimumVisualStudioVersion = 10.0.40219.1
Project("{2150E333-8FDC-42A3-9474-1A3956D46DE8}") = "Solution Items", "Solution Items", "{BAFEE9EA-24D7-435F-99B2-DF0BDA0F9BBF}"
	ProjectSection(SolutionItems) = preProject
		LICENSE = LICENSE
		README.md = README.md
	EndProjectSection
EndProject
Project("{2150E333-8FDC-42A3-9474-1A3956D46DE8}") = "CRM", "CRM", "{581FCF22-B98F-48B3-A94F-B907DB46EF34}"
EndProject
Project("{2150E333-8FDC-42A3-9474-1A3956D46DE8}") = "Azure", "Azure", "{7F80D03E-487A-481A-9460-70C2D843C367}"
	ProjectSection(SolutionItems) = preProject
		Azure\AzureLogError.snippet = Azure\AzureLogError.snippet
		Azure\AzureLogInfo.snippet = Azure\AzureLogInfo.snippet
	EndProjectSection
EndProject
Project("{2150E333-8FDC-42A3-9474-1A3956D46DE8}") = "Plugin", "Plugin", "{4063A35E-4268-4BDF-8CCF-A5186BD5A8C2}"
	ProjectSection(SolutionItems) = preProject
		CRM\Plugin\CRMPluginConstructor.snippet = CRM\Plugin\CRMPluginConstructor.snippet
		CRM\Plugin\CRMPluginExecute.snippet = CRM\Plugin\CRMPluginExecute.snippet
	EndProjectSection
EndProject
Project("{2150E333-8FDC-42A3-9474-1A3956D46DE8}") = "Shared", "Shared", "{2AEF9D92-259A-413B-AD9A-EE32DD32EAB6}"
	ProjectSection(SolutionItems) = preProject
		CRM\Shared\CRMFactory.snippet = CRM\Shared\CRMFactory.snippet
		CRM\Shared\CRMOrgServiceContext.snippet = CRM\Shared\CRMOrgServiceContext.snippet
		CRM\Shared\CRMServiceCreate.snippet = CRM\Shared\CRMServiceCreate.snippet
		CRM\Shared\CRMServiceDelete.snippet = CRM\Shared\CRMServiceDelete.snippet
		CRM\Shared\CRMServiceUpdate.snippet = CRM\Shared\CRMServiceUpdate.snippet
	EndProjectSection
EndProject
Project("{2150E333-8FDC-42A3-9474-1A3956D46DE8}") = "Workflow", "Workflow", "{D58672CA-8795-498F-81CC-3C0F77A910E7}"
	ProjectSection(SolutionItems) = preProject
		CRM\Workflow\CRMWorkflowExecute.snippet = CRM\Workflow\CRMWorkflowExecute.snippet
	EndProjectSection
EndProject
Project("{2150E333-8FDC-42A3-9474-1A3956D46DE8}") = "Testing", "Testing", "{D95ED225-65D5-46B9-8079-0AF03406D559}"
	ProjectSection(SolutionItems) = preProject
		CRM\Plugin\Testing\CRMPluginFakeXrmEasy.snippet = CRM\Plugin\Testing\CRMPluginFakeXrmEasy.snippet
	EndProjectSection
EndProject
Project("{2150E333-8FDC-42A3-9474-1A3956D46DE8}") = "Testing", "Testing", "{4764B6AF-4DAE-4E62-B903-D76918B959EE}"
	ProjectSection(SolutionItems) = preProject
		CRM\Workflow\Testing\CRMWorkflowFakeXrmEasy.snippet = CRM\Workflow\Testing\CRMWorkflowFakeXrmEasy.snippet
	EndProjectSection
EndProject
Global
	GlobalSection(SolutionProperties) = preSolution
		HideSolutionNode = FALSE
	EndGlobalSection
	GlobalSection(NestedProjects) = preSolution
		{581FCF22-B98F-48B3-A94F-B907DB46EF34} = {BAFEE9EA-24D7-435F-99B2-DF0BDA0F9BBF}
		{7F80D03E-487A-481A-9460-70C2D843C367} = {BAFEE9EA-24D7-435F-99B2-DF0BDA0F9BBF}
		{4063A35E-4268-4BDF-8CCF-A5186BD5A8C2} = {581FCF22-B98F-48B3-A94F-B907DB46EF34}
		{2AEF9D92-259A-413B-AD9A-EE32DD32EAB6} = {581FCF22-B98F-48B3-A94F-B907DB46EF34}
		{D58672CA-8795-498F-81CC-3C0F77A910E7} = {581FCF22-B98F-48B3-A94F-B907DB46EF34}
		{D95ED225-65D5-46B9-8079-0AF03406D559} = {4063A35E-4268-4BDF-8CCF-A5186BD5A8C2}
		{4764B6AF-4DAE-4E62-B903-D76918B959EE} = {D58672CA-8795-498F-81CC-3C0F77A910E7}
	EndGlobalSection
	GlobalSection(ExtensibilityGlobals) = postSolution
		SolutionGuid = {3D00A4BE-6FC3-4E5B-974F-EC0EF86F5D44}
	EndGlobalSection
EndGlobal
